{
  "name": "benchmark.javascript",
  "lockfileVersion": 3,
  "requires": true,
  "packages": {
    "": {
      "name": "benchmark.javascript",
      "dependencies": {
        "mitata": "^1.0.34",
        "robot3": "^1.1.1",
        "xstate": "^5.20.2"
      }
    },
    "node_modules/mitata": {
      "version": "1.0.34",
      "resolved": "https://registry.npmjs.org/mitata/-/mitata-1.0.34.tgz",
      "integrity": "sha512-Mc3zrtNBKIMeHSCQ0XqRLo1vbdIx1wvFV9c8NJAiyho6AjNfMY8bVhbS12bwciUdd1t4rj8099CH3N3NFahaUA==",
      "license": "MIT"
    },
    "node_modules/robot3": {
      "version": "1.1.1",
      "resolved": "https://registry.npmjs.org/robot3/-/robot3-1.1.1.tgz",
      "integrity": "sha512-kuD0oQg2KUE74FCQ1a5uoRsEJ/bUKrU1D3vnluop9X7LSiGLndejQgjUEcMqJMVzUA836HSXhtY7XNtQiPTCLQ==",
      "license": "BSD-2-Clause"
    },
    "node_modules/xstate": {
      "version": "5.20.2",
      "resolved": "https://registry.npmjs.org/xstate/-/xstate-5.20.2.tgz",
      "integrity": "sha512-GZmLmc+WPKfFRxuTDAxCg0cUhS/ZnWaRD86DO8MKizeK4a050jd5k7UNnIQ2jJDWRig2/r0tmVXeezUNIhoz5Q==",
      "license": "MIT",
      "funding": {
        "type": "opencollective",
        "url": "https://opencollective.com/xstate"
      }
    }
  }
}
