
Microsoft Visual Studio Solution File, Format Version 12.00
# Visual Studio Version 17
VisualStudioVersion = 17.0.31903.59
MinimumVisualStudioVersion = 10.0.40219.1
Project("{FAE04EC0-301F-11D3-BF4B-00C04F79EFBC}") = "Generator", "Generator\Generator.csproj", "{5F162047-71C4-A730-10F2-8456E4D1F966}"
EndProject
Project("{FAE04EC0-301F-11D3-BF4B-00C04F79EFBC}") = "Generator.Rules", "Generator.Rules\Generator.Rules.csproj", "{20048B32-D1D8-9C70-F7CF-C0C36ECF36C0}"
EndProject
Project("{FAE04EC0-301F-11D3-BF4B-00C04F79EFBC}") = "Generator.Tests", "Generator.Tests\Generator.Tests.csproj", "{1EBD689B-C863-49F0-F1BF-1C7DD952C9C9}"
EndProject
Project("{FAE04EC0-301F-11D3-BF4B-00C04F79EFBC}") = "StateMachine", "StateMachine\StateMachine.csproj", "{18F1CC3C-A200-3A5E-3CAA-9FB124FDB566}"
EndProject
Project("{FAE04EC0-301F-11D3-BF4B-00C04F79EFBC}") = "StateMachine.Tests", "StateMachine.Tests\StateMachine.Tests.csproj", "{58F861CD-9765-AEE4-FBF4-07FF7CC353BB}"
EndProject
Project("{FAE04EC0-301F-11D3-BF4B-00C04F79EFBC}") = "Experiments", "Experiments\Experiments.csproj", "{F4EECCDD-1A62-4557-A548-ADE5E5A205DE}"
EndProject
Project("{FAE04EC0-301F-11D3-BF4B-00C04F79EFBC}") = "StateMachine.Logging", "StateMachine.Logging\StateMachine.Logging.csproj", "{AF6502A8-2AE7-4CC0-87F5-284893CC99BF}"
EndProject
Project("{FAE04EC0-301F-11D3-BF4B-00C04F79EFBC}") = "Abstractions", "Abstractions\Abstractions.csproj", "{B4589D3A-5E32-879B-C951-04D5659798C5}"
EndProject
Project("{FAE04EC0-301F-11D3-BF4B-00C04F79EFBC}") = "Experiments.Logging", "Experiments.Logging\Experiments.Logging.csproj", "{5A7EDA7D-81A1-4BBF-8B00-5185113641D0}"
EndProject
Project("{FAE04EC0-301F-11D3-BF4B-00C04F79EFBC}") = "StateMachine.Logging.Tests", "StateMachine.Logging.Tests\StateMachine.Logging.Tests.csproj", "{D07D1C61-B3B3-48CA-A3ED-F786634BDF24}"
EndProject
Project("{FAE04EC0-301F-11D3-BF4B-00C04F79EFBC}") = "Generator.Log", "Generator.Log\Generator.Log.csproj", "{E423C7D0-6EEA-4BF7-BBC3-F6D7210F42D7}"
EndProject
Project("{FAE04EC0-301F-11D3-BF4B-00C04F79EFBC}") = "IndentedStringBuilder", "IndentedStringBuilder\IndentedStringBuilder.csproj", "{E23F85BA-8637-4B4D-AB08-4A76316D4F89}"
EndProject
Project("{FAE04EC0-301F-11D3-BF4B-00C04F79EFBC}") = "Generator.Model", "Generator.Model\Generator.Model.csproj", "{E87590C1-F7E2-4B83-8DE1-64684B52C8AA}"
EndProject
Project("{FAE04EC0-301F-11D3-BF4B-00C04F79EFBC}") = "Generator.DependencyInjection", "Generator.DependencyInjection\Generator.DependencyInjection.csproj", "{63FE895B-93BD-4A33-94E2-4DCA2EDEBAA2}"
EndProject
Project("{FAE04EC0-301F-11D3-BF4B-00C04F79EFBC}") = "StateMachine.DependencyInjection", "StateMachine.DependencyInjection\StateMachine.DependencyInjection.csproj", "{51892DA0-B465-4AF4-A642-4ED094FF5511}"
EndProject
Project("{FAE04EC0-301F-11D3-BF4B-00C04F79EFBC}") = "StateMachine.DependencyInjection.Tests", "StateMachine.DependencyInjection.Tests\StateMachine.DependencyInjection.Tests.csproj", "{F3D05D94-66B1-EA79-D4E7-AFA252BE34D9}"
EndProject
Project("{FAE04EC0-301F-11D3-BF4B-00C04F79EFBC}") = "Generator.Async.Tests", "Generator.Async.Tests\Generator.Async.Tests.csproj", "{7AF5874B-C270-4F35-B86C-3CD05F599FFC}"
EndProject
Project("{FAE04EC0-301F-11D3-BF4B-00C04F79EFBC}") = "StateMachine.Async.Tests", "StateMachine.Async.Tests\StateMachine.Async.Tests.csproj", "{DE59E877-3788-42C4-89E5-AACFA29BFA56}"
EndProject
Global
	GlobalSection(SolutionConfigurationPlatforms) = preSolution
		Debug|Any CPU = Debug|Any CPU
		Debug|x64 = Debug|x64
		Debug|x86 = Debug|x86
		Release|Any CPU = Release|Any CPU
		Release|x64 = Release|x64
		Release|x86 = Release|x86
	EndGlobalSection
	GlobalSection(ProjectConfigurationPlatforms) = postSolution
		{5F162047-71C4-A730-10F2-8456E4D1F966}.Debug|Any CPU.ActiveCfg = Debug|Any CPU
		{5F162047-71C4-A730-10F2-8456E4D1F966}.Debug|Any CPU.Build.0 = Debug|Any CPU
		{5F162047-71C4-A730-10F2-8456E4D1F966}.Debug|x64.ActiveCfg = Debug|Any CPU
		{5F162047-71C4-A730-10F2-8456E4D1F966}.Debug|x64.Build.0 = Debug|Any CPU
		{5F162047-71C4-A730-10F2-8456E4D1F966}.Debug|x86.ActiveCfg = Debug|Any CPU
		{5F162047-71C4-A730-10F2-8456E4D1F966}.Debug|x86.Build.0 = Debug|Any CPU
		{5F162047-71C4-A730-10F2-8456E4D1F966}.Release|Any CPU.ActiveCfg = Release|Any CPU
		{5F162047-71C4-A730-10F2-8456E4D1F966}.Release|Any CPU.Build.0 = Release|Any CPU
		{5F162047-71C4-A730-10F2-8456E4D1F966}.Release|x64.ActiveCfg = Release|Any CPU
		{5F162047-71C4-A730-10F2-8456E4D1F966}.Release|x64.Build.0 = Release|Any CPU
		{5F162047-71C4-A730-10F2-8456E4D1F966}.Release|x86.ActiveCfg = Release|Any CPU
		{5F162047-71C4-A730-10F2-8456E4D1F966}.Release|x86.Build.0 = Release|Any CPU
		{20048B32-D1D8-9C70-F7CF-C0C36ECF36C0}.Debug|Any CPU.ActiveCfg = Debug|Any CPU
		{20048B32-D1D8-9C70-F7CF-C0C36ECF36C0}.Debug|Any CPU.Build.0 = Debug|Any CPU
		{20048B32-D1D8-9C70-F7CF-C0C36ECF36C0}.Debug|x64.ActiveCfg = Debug|Any CPU
		{20048B32-D1D8-9C70-F7CF-C0C36ECF36C0}.Debug|x64.Build.0 = Debug|Any CPU
		{20048B32-D1D8-9C70-F7CF-C0C36ECF36C0}.Debug|x86.ActiveCfg = Debug|Any CPU
		{20048B32-D1D8-9C70-F7CF-C0C36ECF36C0}.Debug|x86.Build.0 = Debug|Any CPU
		{20048B32-D1D8-9C70-F7CF-C0C36ECF36C0}.Release|Any CPU.ActiveCfg = Release|Any CPU
		{20048B32-D1D8-9C70-F7CF-C0C36ECF36C0}.Release|Any CPU.Build.0 = Release|Any CPU
		{20048B32-D1D8-9C70-F7CF-C0C36ECF36C0}.Release|x64.ActiveCfg = Release|Any CPU
		{20048B32-D1D8-9C70-F7CF-C0C36ECF36C0}.Release|x64.Build.0 = Release|Any CPU
		{20048B32-D1D8-9C70-F7CF-C0C36ECF36C0}.Release|x86.ActiveCfg = Release|Any CPU
		{20048B32-D1D8-9C70-F7CF-C0C36ECF36C0}.Release|x86.Build.0 = Release|Any CPU
		{1EBD689B-C863-49F0-F1BF-1C7DD952C9C9}.Debug|Any CPU.ActiveCfg = Debug|Any CPU
		{1EBD689B-C863-49F0-F1BF-1C7DD952C9C9}.Debug|Any CPU.Build.0 = Debug|Any CPU
		{1EBD689B-C863-49F0-F1BF-1C7DD952C9C9}.Debug|x64.ActiveCfg = Debug|Any CPU
		{1EBD689B-C863-49F0-F1BF-1C7DD952C9C9}.Debug|x64.Build.0 = Debug|Any CPU
		{1EBD689B-C863-49F0-F1BF-1C7DD952C9C9}.Debug|x86.ActiveCfg = Debug|Any CPU
		{1EBD689B-C863-49F0-F1BF-1C7DD952C9C9}.Debug|x86.Build.0 = Debug|Any CPU
		{1EBD689B-C863-49F0-F1BF-1C7DD952C9C9}.Release|Any CPU.ActiveCfg = Release|Any CPU
		{1EBD689B-C863-49F0-F1BF-1C7DD952C9C9}.Release|Any CPU.Build.0 = Release|Any CPU
		{1EBD689B-C863-49F0-F1BF-1C7DD952C9C9}.Release|x64.ActiveCfg = Release|Any CPU
		{1EBD689B-C863-49F0-F1BF-1C7DD952C9C9}.Release|x64.Build.0 = Release|Any CPU
		{1EBD689B-C863-49F0-F1BF-1C7DD952C9C9}.Release|x86.ActiveCfg = Release|Any CPU
		{1EBD689B-C863-49F0-F1BF-1C7DD952C9C9}.Release|x86.Build.0 = Release|Any CPU
		{18F1CC3C-A200-3A5E-3CAA-9FB124FDB566}.Debug|Any CPU.ActiveCfg = Debug|Any CPU
		{18F1CC3C-A200-3A5E-3CAA-9FB124FDB566}.Debug|Any CPU.Build.0 = Debug|Any CPU
		{18F1CC3C-A200-3A5E-3CAA-9FB124FDB566}.Debug|x64.ActiveCfg = Debug|Any CPU
		{18F1CC3C-A200-3A5E-3CAA-9FB124FDB566}.Debug|x64.Build.0 = Debug|Any CPU
		{18F1CC3C-A200-3A5E-3CAA-9FB124FDB566}.Debug|x86.ActiveCfg = Debug|Any CPU
		{18F1CC3C-A200-3A5E-3CAA-9FB124FDB566}.Debug|x86.Build.0 = Debug|Any CPU
		{18F1CC3C-A200-3A5E-3CAA-9FB124FDB566}.Release|Any CPU.ActiveCfg = Release|Any CPU
		{18F1CC3C-A200-3A5E-3CAA-9FB124FDB566}.Release|Any CPU.Build.0 = Release|Any CPU
		{18F1CC3C-A200-3A5E-3CAA-9FB124FDB566}.Release|x64.ActiveCfg = Release|Any CPU
		{18F1CC3C-A200-3A5E-3CAA-9FB124FDB566}.Release|x64.Build.0 = Release|Any CPU
		{18F1CC3C-A200-3A5E-3CAA-9FB124FDB566}.Release|x86.ActiveCfg = Release|Any CPU
		{18F1CC3C-A200-3A5E-3CAA-9FB124FDB566}.Release|x86.Build.0 = Release|Any CPU
		{58F861CD-9765-AEE4-FBF4-07FF7CC353BB}.Debug|Any CPU.ActiveCfg = Debug|Any CPU
		{58F861CD-9765-AEE4-FBF4-07FF7CC353BB}.Debug|Any CPU.Build.0 = Debug|Any CPU
		{58F861CD-9765-AEE4-FBF4-07FF7CC353BB}.Debug|x64.ActiveCfg = Debug|Any CPU
		{58F861CD-9765-AEE4-FBF4-07FF7CC353BB}.Debug|x64.Build.0 = Debug|Any CPU
		{58F861CD-9765-AEE4-FBF4-07FF7CC353BB}.Debug|x86.ActiveCfg = Debug|Any CPU
		{58F861CD-9765-AEE4-FBF4-07FF7CC353BB}.Debug|x86.Build.0 = Debug|Any CPU
		{58F861CD-9765-AEE4-FBF4-07FF7CC353BB}.Release|Any CPU.ActiveCfg = Release|Any CPU
		{58F861CD-9765-AEE4-FBF4-07FF7CC353BB}.Release|Any CPU.Build.0 = Release|Any CPU
		{58F861CD-9765-AEE4-FBF4-07FF7CC353BB}.Release|x64.ActiveCfg = Release|Any CPU
		{58F861CD-9765-AEE4-FBF4-07FF7CC353BB}.Release|x64.Build.0 = Release|Any CPU
		{58F861CD-9765-AEE4-FBF4-07FF7CC353BB}.Release|x86.ActiveCfg = Release|Any CPU
		{58F861CD-9765-AEE4-FBF4-07FF7CC353BB}.Release|x86.Build.0 = Release|Any CPU
		{F4EECCDD-1A62-4557-A548-ADE5E5A205DE}.Debug|Any CPU.ActiveCfg = Debug|Any CPU
		{F4EECCDD-1A62-4557-A548-ADE5E5A205DE}.Debug|Any CPU.Build.0 = Debug|Any CPU
		{F4EECCDD-1A62-4557-A548-ADE5E5A205DE}.Debug|x64.ActiveCfg = Debug|Any CPU
		{F4EECCDD-1A62-4557-A548-ADE5E5A205DE}.Debug|x64.Build.0 = Debug|Any CPU
		{F4EECCDD-1A62-4557-A548-ADE5E5A205DE}.Debug|x86.ActiveCfg = Debug|Any CPU
		{F4EECCDD-1A62-4557-A548-ADE5E5A205DE}.Debug|x86.Build.0 = Debug|Any CPU
		{F4EECCDD-1A62-4557-A548-ADE5E5A205DE}.Release|Any CPU.ActiveCfg = Release|Any CPU
		{F4EECCDD-1A62-4557-A548-ADE5E5A205DE}.Release|Any CPU.Build.0 = Release|Any CPU
		{F4EECCDD-1A62-4557-A548-ADE5E5A205DE}.Release|x64.ActiveCfg = Release|Any CPU
		{F4EECCDD-1A62-4557-A548-ADE5E5A205DE}.Release|x64.Build.0 = Release|Any CPU
		{F4EECCDD-1A62-4557-A548-ADE5E5A205DE}.Release|x86.ActiveCfg = Release|Any CPU
		{F4EECCDD-1A62-4557-A548-ADE5E5A205DE}.Release|x86.Build.0 = Release|Any CPU
		{AF6502A8-2AE7-4CC0-87F5-284893CC99BF}.Debug|Any CPU.ActiveCfg = Debug|Any CPU
		{AF6502A8-2AE7-4CC0-87F5-284893CC99BF}.Debug|Any CPU.Build.0 = Debug|Any CPU
		{AF6502A8-2AE7-4CC0-87F5-284893CC99BF}.Debug|x64.ActiveCfg = Debug|Any CPU
		{AF6502A8-2AE7-4CC0-87F5-284893CC99BF}.Debug|x64.Build.0 = Debug|Any CPU
		{AF6502A8-2AE7-4CC0-87F5-284893CC99BF}.Debug|x86.ActiveCfg = Debug|Any CPU
		{AF6502A8-2AE7-4CC0-87F5-284893CC99BF}.Debug|x86.Build.0 = Debug|Any CPU
		{AF6502A8-2AE7-4CC0-87F5-284893CC99BF}.Release|Any CPU.ActiveCfg = Release|Any CPU
		{AF6502A8-2AE7-4CC0-87F5-284893CC99BF}.Release|Any CPU.Build.0 = Release|Any CPU
		{AF6502A8-2AE7-4CC0-87F5-284893CC99BF}.Release|x64.ActiveCfg = Release|Any CPU
		{AF6502A8-2AE7-4CC0-87F5-284893CC99BF}.Release|x64.Build.0 = Release|Any CPU
		{AF6502A8-2AE7-4CC0-87F5-284893CC99BF}.Release|x86.ActiveCfg = Release|Any CPU
		{AF6502A8-2AE7-4CC0-87F5-284893CC99BF}.Release|x86.Build.0 = Release|Any CPU
		{B4589D3A-5E32-879B-C951-04D5659798C5}.Debug|Any CPU.ActiveCfg = Debug|Any CPU
		{B4589D3A-5E32-879B-C951-04D5659798C5}.Debug|Any CPU.Build.0 = Debug|Any CPU
		{B4589D3A-5E32-879B-C951-04D5659798C5}.Debug|x64.ActiveCfg = Debug|Any CPU
		{B4589D3A-5E32-879B-C951-04D5659798C5}.Debug|x64.Build.0 = Debug|Any CPU
		{B4589D3A-5E32-879B-C951-04D5659798C5}.Debug|x86.ActiveCfg = Debug|Any CPU
		{B4589D3A-5E32-879B-C951-04D5659798C5}.Debug|x86.Build.0 = Debug|Any CPU
		{B4589D3A-5E32-879B-C951-04D5659798C5}.Release|Any CPU.ActiveCfg = Release|Any CPU
		{B4589D3A-5E32-879B-C951-04D5659798C5}.Release|Any CPU.Build.0 = Release|Any CPU
		{B4589D3A-5E32-879B-C951-04D5659798C5}.Release|x64.ActiveCfg = Release|Any CPU
		{B4589D3A-5E32-879B-C951-04D5659798C5}.Release|x64.Build.0 = Release|Any CPU
		{B4589D3A-5E32-879B-C951-04D5659798C5}.Release|x86.ActiveCfg = Release|Any CPU
		{B4589D3A-5E32-879B-C951-04D5659798C5}.Release|x86.Build.0 = Release|Any CPU
		{5A7EDA7D-81A1-4BBF-8B00-5185113641D0}.Debug|Any CPU.ActiveCfg = Debug|Any CPU
		{5A7EDA7D-81A1-4BBF-8B00-5185113641D0}.Debug|Any CPU.Build.0 = Debug|Any CPU
		{5A7EDA7D-81A1-4BBF-8B00-5185113641D0}.Debug|x64.ActiveCfg = Debug|Any CPU
		{5A7EDA7D-81A1-4BBF-8B00-5185113641D0}.Debug|x64.Build.0 = Debug|Any CPU
		{5A7EDA7D-81A1-4BBF-8B00-5185113641D0}.Debug|x86.ActiveCfg = Debug|Any CPU
		{5A7EDA7D-81A1-4BBF-8B00-5185113641D0}.Debug|x86.Build.0 = Debug|Any CPU
		{5A7EDA7D-81A1-4BBF-8B00-5185113641D0}.Release|Any CPU.ActiveCfg = Release|Any CPU
		{5A7EDA7D-81A1-4BBF-8B00-5185113641D0}.Release|Any CPU.Build.0 = Release|Any CPU
		{5A7EDA7D-81A1-4BBF-8B00-5185113641D0}.Release|x64.ActiveCfg = Release|Any CPU
		{5A7EDA7D-81A1-4BBF-8B00-5185113641D0}.Release|x64.Build.0 = Release|Any CPU
		{5A7EDA7D-81A1-4BBF-8B00-5185113641D0}.Release|x86.ActiveCfg = Release|Any CPU
		{5A7EDA7D-81A1-4BBF-8B00-5185113641D0}.Release|x86.Build.0 = Release|Any CPU
		{D07D1C61-B3B3-48CA-A3ED-F786634BDF24}.Debug|Any CPU.ActiveCfg = Debug|Any CPU
		{D07D1C61-B3B3-48CA-A3ED-F786634BDF24}.Debug|Any CPU.Build.0 = Debug|Any CPU
		{D07D1C61-B3B3-48CA-A3ED-F786634BDF24}.Debug|x64.ActiveCfg = Debug|Any CPU
		{D07D1C61-B3B3-48CA-A3ED-F786634BDF24}.Debug|x64.Build.0 = Debug|Any CPU
		{D07D1C61-B3B3-48CA-A3ED-F786634BDF24}.Debug|x86.ActiveCfg = Debug|Any CPU
		{D07D1C61-B3B3-48CA-A3ED-F786634BDF24}.Debug|x86.Build.0 = Debug|Any CPU
		{D07D1C61-B3B3-48CA-A3ED-F786634BDF24}.Release|Any CPU.ActiveCfg = Release|Any CPU
		{D07D1C61-B3B3-48CA-A3ED-F786634BDF24}.Release|Any CPU.Build.0 = Release|Any CPU
		{D07D1C61-B3B3-48CA-A3ED-F786634BDF24}.Release|x64.ActiveCfg = Release|Any CPU
		{D07D1C61-B3B3-48CA-A3ED-F786634BDF24}.Release|x64.Build.0 = Release|Any CPU
		{D07D1C61-B3B3-48CA-A3ED-F786634BDF24}.Release|x86.ActiveCfg = Release|Any CPU
		{D07D1C61-B3B3-48CA-A3ED-F786634BDF24}.Release|x86.Build.0 = Release|Any CPU
		{E423C7D0-6EEA-4BF7-BBC3-F6D7210F42D7}.Debug|Any CPU.ActiveCfg = Debug|Any CPU
		{E423C7D0-6EEA-4BF7-BBC3-F6D7210F42D7}.Debug|Any CPU.Build.0 = Debug|Any CPU
		{E423C7D0-6EEA-4BF7-BBC3-F6D7210F42D7}.Debug|x64.ActiveCfg = Debug|Any CPU
		{E423C7D0-6EEA-4BF7-BBC3-F6D7210F42D7}.Debug|x64.Build.0 = Debug|Any CPU
		{E423C7D0-6EEA-4BF7-BBC3-F6D7210F42D7}.Debug|x86.ActiveCfg = Debug|Any CPU
		{E423C7D0-6EEA-4BF7-BBC3-F6D7210F42D7}.Debug|x86.Build.0 = Debug|Any CPU
		{E423C7D0-6EEA-4BF7-BBC3-F6D7210F42D7}.Release|Any CPU.ActiveCfg = Release|Any CPU
		{E423C7D0-6EEA-4BF7-BBC3-F6D7210F42D7}.Release|Any CPU.Build.0 = Release|Any CPU
		{E423C7D0-6EEA-4BF7-BBC3-F6D7210F42D7}.Release|x64.ActiveCfg = Release|Any CPU
		{E423C7D0-6EEA-4BF7-BBC3-F6D7210F42D7}.Release|x64.Build.0 = Release|Any CPU
		{E423C7D0-6EEA-4BF7-BBC3-F6D7210F42D7}.Release|x86.ActiveCfg = Release|Any CPU
		{E423C7D0-6EEA-4BF7-BBC3-F6D7210F42D7}.Release|x86.Build.0 = Release|Any CPU
		{E23F85BA-8637-4B4D-AB08-4A76316D4F89}.Debug|Any CPU.ActiveCfg = Debug|Any CPU
		{E23F85BA-8637-4B4D-AB08-4A76316D4F89}.Debug|Any CPU.Build.0 = Debug|Any CPU
		{E23F85BA-8637-4B4D-AB08-4A76316D4F89}.Debug|x64.ActiveCfg = Debug|Any CPU
		{E23F85BA-8637-4B4D-AB08-4A76316D4F89}.Debug|x64.Build.0 = Debug|Any CPU
		{E23F85BA-8637-4B4D-AB08-4A76316D4F89}.Debug|x86.ActiveCfg = Debug|Any CPU
		{E23F85BA-8637-4B4D-AB08-4A76316D4F89}.Debug|x86.Build.0 = Debug|Any CPU
		{E23F85BA-8637-4B4D-AB08-4A76316D4F89}.Release|Any CPU.ActiveCfg = Release|Any CPU
		{E23F85BA-8637-4B4D-AB08-4A76316D4F89}.Release|Any CPU.Build.0 = Release|Any CPU
		{E23F85BA-8637-4B4D-AB08-4A76316D4F89}.Release|x64.ActiveCfg = Release|Any CPU
		{E23F85BA-8637-4B4D-AB08-4A76316D4F89}.Release|x64.Build.0 = Release|Any CPU
		{E23F85BA-8637-4B4D-AB08-4A76316D4F89}.Release|x86.ActiveCfg = Release|Any CPU
		{E23F85BA-8637-4B4D-AB08-4A76316D4F89}.Release|x86.Build.0 = Release|Any CPU
		{E87590C1-F7E2-4B83-8DE1-64684B52C8AA}.Debug|Any CPU.ActiveCfg = Debug|Any CPU
		{E87590C1-F7E2-4B83-8DE1-64684B52C8AA}.Debug|Any CPU.Build.0 = Debug|Any CPU
		{E87590C1-F7E2-4B83-8DE1-64684B52C8AA}.Debug|x64.ActiveCfg = Debug|Any CPU
		{E87590C1-F7E2-4B83-8DE1-64684B52C8AA}.Debug|x64.Build.0 = Debug|Any CPU
		{E87590C1-F7E2-4B83-8DE1-64684B52C8AA}.Debug|x86.ActiveCfg = Debug|Any CPU
		{E87590C1-F7E2-4B83-8DE1-64684B52C8AA}.Debug|x86.Build.0 = Debug|Any CPU
		{E87590C1-F7E2-4B83-8DE1-64684B52C8AA}.Release|Any CPU.ActiveCfg = Release|Any CPU
		{E87590C1-F7E2-4B83-8DE1-64684B52C8AA}.Release|Any CPU.Build.0 = Release|Any CPU
		{E87590C1-F7E2-4B83-8DE1-64684B52C8AA}.Release|x64.ActiveCfg = Release|Any CPU
		{E87590C1-F7E2-4B83-8DE1-64684B52C8AA}.Release|x64.Build.0 = Release|Any CPU
		{E87590C1-F7E2-4B83-8DE1-64684B52C8AA}.Release|x86.ActiveCfg = Release|Any CPU
		{E87590C1-F7E2-4B83-8DE1-64684B52C8AA}.Release|x86.Build.0 = Release|Any CPU
		{63FE895B-93BD-4A33-94E2-4DCA2EDEBAA2}.Debug|Any CPU.ActiveCfg = Debug|Any CPU
		{63FE895B-93BD-4A33-94E2-4DCA2EDEBAA2}.Debug|Any CPU.Build.0 = Debug|Any CPU
		{63FE895B-93BD-4A33-94E2-4DCA2EDEBAA2}.Debug|x64.ActiveCfg = Debug|Any CPU
		{63FE895B-93BD-4A33-94E2-4DCA2EDEBAA2}.Debug|x64.Build.0 = Debug|Any CPU
		{63FE895B-93BD-4A33-94E2-4DCA2EDEBAA2}.Debug|x86.ActiveCfg = Debug|Any CPU
		{63FE895B-93BD-4A33-94E2-4DCA2EDEBAA2}.Debug|x86.Build.0 = Debug|Any CPU
		{63FE895B-93BD-4A33-94E2-4DCA2EDEBAA2}.Release|Any CPU.ActiveCfg = Release|Any CPU
		{63FE895B-93BD-4A33-94E2-4DCA2EDEBAA2}.Release|Any CPU.Build.0 = Release|Any CPU
		{63FE895B-93BD-4A33-94E2-4DCA2EDEBAA2}.Release|x64.ActiveCfg = Release|Any CPU
		{63FE895B-93BD-4A33-94E2-4DCA2EDEBAA2}.Release|x64.Build.0 = Release|Any CPU
		{63FE895B-93BD-4A33-94E2-4DCA2EDEBAA2}.Release|x86.ActiveCfg = Release|Any CPU
		{63FE895B-93BD-4A33-94E2-4DCA2EDEBAA2}.Release|x86.Build.0 = Release|Any CPU
		{51892DA0-B465-4AF4-A642-4ED094FF5511}.Debug|Any CPU.ActiveCfg = Debug|Any CPU
		{51892DA0-B465-4AF4-A642-4ED094FF5511}.Debug|Any CPU.Build.0 = Debug|Any CPU
		{51892DA0-B465-4AF4-A642-4ED094FF5511}.Debug|x64.ActiveCfg = Debug|Any CPU
		{51892DA0-B465-4AF4-A642-4ED094FF5511}.Debug|x64.Build.0 = Debug|Any CPU
		{51892DA0-B465-4AF4-A642-4ED094FF5511}.Debug|x86.ActiveCfg = Debug|Any CPU
		{51892DA0-B465-4AF4-A642-4ED094FF5511}.Debug|x86.Build.0 = Debug|Any CPU
		{51892DA0-B465-4AF4-A642-4ED094FF5511}.Release|Any CPU.ActiveCfg = Release|Any CPU
		{51892DA0-B465-4AF4-A642-4ED094FF5511}.Release|Any CPU.Build.0 = Release|Any CPU
		{51892DA0-B465-4AF4-A642-4ED094FF5511}.Release|x64.ActiveCfg = Release|Any CPU
		{51892DA0-B465-4AF4-A642-4ED094FF5511}.Release|x64.Build.0 = Release|Any CPU
		{51892DA0-B465-4AF4-A642-4ED094FF5511}.Release|x86.ActiveCfg = Release|Any CPU
		{51892DA0-B465-4AF4-A642-4ED094FF5511}.Release|x86.Build.0 = Release|Any CPU
		{F3D05D94-66B1-EA79-D4E7-AFA252BE34D9}.Debug|Any CPU.ActiveCfg = Debug|Any CPU
		{F3D05D94-66B1-EA79-D4E7-AFA252BE34D9}.Debug|Any CPU.Build.0 = Debug|Any CPU
		{F3D05D94-66B1-EA79-D4E7-AFA252BE34D9}.Debug|x64.ActiveCfg = Debug|Any CPU
		{F3D05D94-66B1-EA79-D4E7-AFA252BE34D9}.Debug|x64.Build.0 = Debug|Any CPU
		{F3D05D94-66B1-EA79-D4E7-AFA252BE34D9}.Debug|x86.ActiveCfg = Debug|Any CPU
		{F3D05D94-66B1-EA79-D4E7-AFA252BE34D9}.Debug|x86.Build.0 = Debug|Any CPU
		{F3D05D94-66B1-EA79-D4E7-AFA252BE34D9}.Release|Any CPU.ActiveCfg = Release|Any CPU
		{F3D05D94-66B1-EA79-D4E7-AFA252BE34D9}.Release|Any CPU.Build.0 = Release|Any CPU
		{F3D05D94-66B1-EA79-D4E7-AFA252BE34D9}.Release|x64.ActiveCfg = Release|Any CPU
		{F3D05D94-66B1-EA79-D4E7-AFA252BE34D9}.Release|x64.Build.0 = Release|Any CPU
		{F3D05D94-66B1-EA79-D4E7-AFA252BE34D9}.Release|x86.ActiveCfg = Release|Any CPU
		{F3D05D94-66B1-EA79-D4E7-AFA252BE34D9}.Release|x86.Build.0 = Release|Any CPU
		{7AF5874B-C270-4F35-B86C-3CD05F599FFC}.Debug|Any CPU.ActiveCfg = Debug|Any CPU
		{7AF5874B-C270-4F35-B86C-3CD05F599FFC}.Debug|Any CPU.Build.0 = Debug|Any CPU
		{7AF5874B-C270-4F35-B86C-3CD05F599FFC}.Debug|x64.ActiveCfg = Debug|Any CPU
		{7AF5874B-C270-4F35-B86C-3CD05F599FFC}.Debug|x64.Build.0 = Debug|Any CPU
		{7AF5874B-C270-4F35-B86C-3CD05F599FFC}.Debug|x86.ActiveCfg = Debug|Any CPU
		{7AF5874B-C270-4F35-B86C-3CD05F599FFC}.Debug|x86.Build.0 = Debug|Any CPU
		{7AF5874B-C270-4F35-B86C-3CD05F599FFC}.Release|Any CPU.ActiveCfg = Release|Any CPU
		{7AF5874B-C270-4F35-B86C-3CD05F599FFC}.Release|Any CPU.Build.0 = Release|Any CPU
		{7AF5874B-C270-4F35-B86C-3CD05F599FFC}.Release|x64.ActiveCfg = Release|Any CPU
		{7AF5874B-C270-4F35-B86C-3CD05F599FFC}.Release|x64.Build.0 = Release|Any CPU
		{7AF5874B-C270-4F35-B86C-3CD05F599FFC}.Release|x86.ActiveCfg = Release|Any CPU
		{7AF5874B-C270-4F35-B86C-3CD05F599FFC}.Release|x86.Build.0 = Release|Any CPU
		{DE59E877-3788-42C4-89E5-AACFA29BFA56}.Debug|Any CPU.ActiveCfg = Debug|Any CPU
		{DE59E877-3788-42C4-89E5-AACFA29BFA56}.Debug|Any CPU.Build.0 = Debug|Any CPU
		{DE59E877-3788-42C4-89E5-AACFA29BFA56}.Debug|x64.ActiveCfg = Debug|Any CPU
		{DE59E877-3788-42C4-89E5-AACFA29BFA56}.Debug|x64.Build.0 = Debug|Any CPU
		{DE59E877-3788-42C4-89E5-AACFA29BFA56}.Debug|x86.ActiveCfg = Debug|Any CPU
		{DE59E877-3788-42C4-89E5-AACFA29BFA56}.Debug|x86.Build.0 = Debug|Any CPU
		{DE59E877-3788-42C4-89E5-AACFA29BFA56}.Release|Any CPU.ActiveCfg = Release|Any CPU
		{DE59E877-3788-42C4-89E5-AACFA29BFA56}.Release|Any CPU.Build.0 = Release|Any CPU
		{DE59E877-3788-42C4-89E5-AACFA29BFA56}.Release|x64.ActiveCfg = Release|Any CPU
		{DE59E877-3788-42C4-89E5-AACFA29BFA56}.Release|x64.Build.0 = Release|Any CPU
		{DE59E877-3788-42C4-89E5-AACFA29BFA56}.Release|x86.ActiveCfg = Release|Any CPU
		{DE59E877-3788-42C4-89E5-AACFA29BFA56}.Release|x86.Build.0 = Release|Any CPU
	EndGlobalSection
	GlobalSection(SolutionProperties) = preSolution
		HideSolutionNode = FALSE
	EndGlobalSection
	GlobalSection(ExtensibilityGlobals) = postSolution
		SolutionGuid = {96689FD0-4147-4A3F-B20E-EB64E7EF09A2}
	EndGlobalSection
EndGlobal
