<Solution>
  <Folder Name="/Fsm/">
    <Project Path="src/Fsm/Fsm.Core/Fsm.Core.csproj" />
    <Project Path="src/Fsm/Fsm.DependencyInjection/Fsm.DependencyInjection.csproj" />
    <Project Path="src/Fsm/Fsm.Logging/Fsm.Logging.csproj" />
    <Project Path="src/Fsm/Fsm.Observability/Fsm.Observability.csproj" />
  </Folder>
  <Folder Name="/Fsm/Fsm.Tests/">
    <Project Path="src/Fsm/Fsm.Tests/Tests.Async/Tests.Async.csproj" />
    <Project Path="src/Fsm/Fsm.Tests/Tests.DependencyInjection/Tests.DependencyInjection.csproj" />
    <Project Path="src/Fsm/Fsm.Tests/Tests.Fsm/Tests.Fsm.csproj" />
    <Project Path="src/Fsm/Fsm.Tests/Tests.Instance/Tests.Instance.csproj" />
    <Project Path="src/Fsm/Fsm.Tests/Tests.Logging/Tests.Logging.csproj" />
    <Project Path="src/Fsm/Fsm.Tests/Tests.Observability/Tests.Observability.csproj" />
    <Project Path="src/Fsm/Fsm.Tests/Tests.Machines/Tests.Machines.csproj" />
  </Folder>
  <Folder Name="/Generator/">
    <Project Path="src/Generator/Generator.Core/Generator.Core.csproj" />
    <Project Path="src/Generator/Generator.DependencyInjection/Generator.DependencyInjection.csproj" />
    <Project Path="src/Generator/Generator.Logger/Generator.Logger.csproj" />
    <Project Path="src/Generator/Generator.Model/Generator.Model.csproj" />
    <Project Path="src/Generator/Generator.Rules/Generator.Rules.csproj" />
    <Project Path="src/Generator/Generator.Tests/Tests.SourceGenerators/Tests.SourceGenerators.csproj" />
  </Folder>
  <Project Path="src/Abstractions/Abstractions.csproj" />
  <Project Path="src/Benchmark/Benchmark.csproj" />
  <Project Path="src/IndentedStringBuilder/IndentedStringBuilder.csproj" />
</Solution>
