
Microsoft Visual Studio Solution File, Format Version 12.00
# Visual Studio Version 17
VisualStudioVersion = 17.0.31903.59
MinimumVisualStudioVersion = 10.0.40219.1
Project("{FAE04EC0-301F-11D3-BF4B-00C04F79EFBC}") = "Generator", "Generator\Generator.csproj", "{5F162047-71C4-A730-10F2-8456E4D1F966}"
EndProject
Project("{FAE04EC0-301F-11D3-BF4B-00C04F79EFBC}") = "Generator.Rules", "Generator.Rules\Generator.Rules.csproj", "{20048B32-D1D8-9C70-F7CF-C0C36ECF36C0}"
EndProject
Project("{FAE04EC0-301F-11D3-BF4B-00C04F79EFBC}") = "Generator.Tests", "Generator.Tests\Generator.Tests.csproj", "{1EBD689B-C863-49F0-F1BF-1C7DD952C9C9}"
EndProject
Project("{FAE04EC0-301F-11D3-BF4B-00C04F79EFBC}") = "Abstractions", "Abstractions\Abstractions.csproj", "{B4589D3A-5E32-879B-C951-04D5659798C5}"
EndProject
Project("{FAE04EC0-301F-11D3-BF4B-00C04F79EFBC}") = "IndentedStringBuilder", "IndentedStringBuilder\IndentedStringBuilder.csproj", "{E23F85BA-8637-4B4D-AB08-4A76316D4F89}"
EndProject
Project("{FAE04EC0-301F-11D3-BF4B-00C04F79EFBC}") = "Generator.Model", "Generator.Model\Generator.Model.csproj", "{E87590C1-F7E2-4B83-8DE1-64684B52C8AA}"
EndProject
Project("{FAE04EC0-301F-11D3-BF4B-00C04F79EFBC}") = "Generator.DependencyInjection", "Generator.DependencyInjection\Generator.DependencyInjection.csproj", "{63FE895B-93BD-4A33-94E2-4DCA2EDEBAA2}"
EndProject
Project("{FAE04EC0-301F-11D3-BF4B-00C04F79EFBC}") = "Benchmark", "Benchmark\Benchmark.csproj", "{A17D04CE-D3B4-4440-9CAB-7B61979141A0}"
EndProject
Project("{FAE04EC0-301F-11D3-BF4B-00C04F79EFBC}") = "Generator.Logger", "Generator.Logger\Generator.Logger.csproj", "{6805A592-185D-C3A7-6E14-79BB5B2C8F52}"
EndProject
Project("{FAE04EC0-301F-11D3-BF4B-00C04F79EFBC}") = "FastFsm", "FastFsm\FastFsm.csproj", "{B6F0D5A7-42EE-3EBC-20D8-53B98361A98A}"
EndProject
Project("{FAE04EC0-301F-11D3-BF4B-00C04F79EFBC}") = "FastFsm.Logging", "FastFsm.Logging\FastFsm.Logging.csproj", "{25982DBF-029E-2515-6C43-CB347A2BE06A}"
EndProject
Project("{FAE04EC0-301F-11D3-BF4B-00C04F79EFBC}") = "FastFsm.DependencyInjection", "FastFsm.DependencyInjection\FastFsm.DependencyInjection.csproj", "{9B56F7F9-00BF-ED55-37D0-278D6B2E1ADA}"
EndProject
Project("{FAE04EC0-301F-11D3-BF4B-00C04F79EFBC}") = "FastFsm.Logging.Tests", "FastFsm.Logging.Tests\FastFsm.Logging.Tests.csproj", "{C982D3F6-C3AC-5A8C-8E09-5F385287EF5C}"
EndProject
Project("{FAE04EC0-301F-11D3-BF4B-00C04F79EFBC}") = "FastFsm.Async.Tests", "FastFsm.Async.Tests\FastFsm.Async.Tests.csproj", "{192828CD-BFBD-903B-2746-4277EE701769}"
EndProject
Project("{FAE04EC0-301F-11D3-BF4B-00C04F79EFBC}") = "FastFsm.Tests", "FastFsm.Tests\FastFsm.Tests.csproj", "{047873DF-8AE8-26EA-8FC4-EFF7685611A7}"
EndProject
Project("{FAE04EC0-301F-11D3-BF4B-00C04F79EFBC}") = "FastFsm.DependencyInjection.Tests", "FastFsm.DependencyInjection.Tests\FastFsm.DependencyInjection.Tests.csproj", "{38D3CAA0-31D9-E36F-AC14-FE8EF0F1B160}"
EndProject
Global
	GlobalSection(SolutionConfigurationPlatforms) = preSolution
		Debug|Any CPU = Debug|Any CPU
		Debug|x64 = Debug|x64
		Debug|x86 = Debug|x86
		Release|Any CPU = Release|Any CPU
		Release|x64 = Release|x64
		Release|x86 = Release|x86
	EndGlobalSection
	GlobalSection(ProjectConfigurationPlatforms) = postSolution
		{5F162047-71C4-A730-10F2-8456E4D1F966}.Debug|Any CPU.ActiveCfg = Debug|Any CPU
		{5F162047-71C4-A730-10F2-8456E4D1F966}.Debug|Any CPU.Build.0 = Debug|Any CPU
		{5F162047-71C4-A730-10F2-8456E4D1F966}.Debug|x64.ActiveCfg = Debug|Any CPU
		{5F162047-71C4-A730-10F2-8456E4D1F966}.Debug|x64.Build.0 = Debug|Any CPU
		{5F162047-71C4-A730-10F2-8456E4D1F966}.Debug|x86.ActiveCfg = Debug|Any CPU
		{5F162047-71C4-A730-10F2-8456E4D1F966}.Debug|x86.Build.0 = Debug|Any CPU
		{5F162047-71C4-A730-10F2-8456E4D1F966}.Release|Any CPU.ActiveCfg = Release|Any CPU
		{5F162047-71C4-A730-10F2-8456E4D1F966}.Release|Any CPU.Build.0 = Release|Any CPU
		{5F162047-71C4-A730-10F2-8456E4D1F966}.Release|x64.ActiveCfg = Release|Any CPU
		{5F162047-71C4-A730-10F2-8456E4D1F966}.Release|x64.Build.0 = Release|Any CPU
		{5F162047-71C4-A730-10F2-8456E4D1F966}.Release|x86.ActiveCfg = Release|Any CPU
		{5F162047-71C4-A730-10F2-8456E4D1F966}.Release|x86.Build.0 = Release|Any CPU
		{20048B32-D1D8-9C70-F7CF-C0C36ECF36C0}.Debug|Any CPU.ActiveCfg = Debug|Any CPU
		{20048B32-D1D8-9C70-F7CF-C0C36ECF36C0}.Debug|Any CPU.Build.0 = Debug|Any CPU
		{20048B32-D1D8-9C70-F7CF-C0C36ECF36C0}.Debug|x64.ActiveCfg = Debug|Any CPU
		{20048B32-D1D8-9C70-F7CF-C0C36ECF36C0}.Debug|x64.Build.0 = Debug|Any CPU
		{20048B32-D1D8-9C70-F7CF-C0C36ECF36C0}.Debug|x86.ActiveCfg = Debug|Any CPU
		{20048B32-D1D8-9C70-F7CF-C0C36ECF36C0}.Debug|x86.Build.0 = Debug|Any CPU
		{20048B32-D1D8-9C70-F7CF-C0C36ECF36C0}.Release|Any CPU.ActiveCfg = Release|Any CPU
		{20048B32-D1D8-9C70-F7CF-C0C36ECF36C0}.Release|Any CPU.Build.0 = Release|Any CPU
		{20048B32-D1D8-9C70-F7CF-C0C36ECF36C0}.Release|x64.ActiveCfg = Release|Any CPU
		{20048B32-D1D8-9C70-F7CF-C0C36ECF36C0}.Release|x64.Build.0 = Release|Any CPU
		{20048B32-D1D8-9C70-F7CF-C0C36ECF36C0}.Release|x86.ActiveCfg = Release|Any CPU
		{20048B32-D1D8-9C70-F7CF-C0C36ECF36C0}.Release|x86.Build.0 = Release|Any CPU
		{1EBD689B-C863-49F0-F1BF-1C7DD952C9C9}.Debug|Any CPU.ActiveCfg = Debug|Any CPU
		{1EBD689B-C863-49F0-F1BF-1C7DD952C9C9}.Debug|Any CPU.Build.0 = Debug|Any CPU
		{1EBD689B-C863-49F0-F1BF-1C7DD952C9C9}.Debug|x64.ActiveCfg = Debug|Any CPU
		{1EBD689B-C863-49F0-F1BF-1C7DD952C9C9}.Debug|x64.Build.0 = Debug|Any CPU
		{1EBD689B-C863-49F0-F1BF-1C7DD952C9C9}.Debug|x86.ActiveCfg = Debug|Any CPU
		{1EBD689B-C863-49F0-F1BF-1C7DD952C9C9}.Debug|x86.Build.0 = Debug|Any CPU
		{1EBD689B-C863-49F0-F1BF-1C7DD952C9C9}.Release|Any CPU.ActiveCfg = Release|Any CPU
		{1EBD689B-C863-49F0-F1BF-1C7DD952C9C9}.Release|Any CPU.Build.0 = Release|Any CPU
		{1EBD689B-C863-49F0-F1BF-1C7DD952C9C9}.Release|x64.ActiveCfg = Release|Any CPU
		{1EBD689B-C863-49F0-F1BF-1C7DD952C9C9}.Release|x64.Build.0 = Release|Any CPU
		{1EBD689B-C863-49F0-F1BF-1C7DD952C9C9}.Release|x86.ActiveCfg = Release|Any CPU
		{1EBD689B-C863-49F0-F1BF-1C7DD952C9C9}.Release|x86.Build.0 = Release|Any CPU
		{B4589D3A-5E32-879B-C951-04D5659798C5}.Debug|Any CPU.ActiveCfg = Debug|Any CPU
		{B4589D3A-5E32-879B-C951-04D5659798C5}.Debug|Any CPU.Build.0 = Debug|Any CPU
		{B4589D3A-5E32-879B-C951-04D5659798C5}.Debug|x64.ActiveCfg = Debug|Any CPU
		{B4589D3A-5E32-879B-C951-04D5659798C5}.Debug|x64.Build.0 = Debug|Any CPU
		{B4589D3A-5E32-879B-C951-04D5659798C5}.Debug|x86.ActiveCfg = Debug|Any CPU
		{B4589D3A-5E32-879B-C951-04D5659798C5}.Debug|x86.Build.0 = Debug|Any CPU
		{B4589D3A-5E32-879B-C951-04D5659798C5}.Release|Any CPU.ActiveCfg = Release|Any CPU
		{B4589D3A-5E32-879B-C951-04D5659798C5}.Release|Any CPU.Build.0 = Release|Any CPU
		{B4589D3A-5E32-879B-C951-04D5659798C5}.Release|x64.ActiveCfg = Release|Any CPU
		{B4589D3A-5E32-879B-C951-04D5659798C5}.Release|x64.Build.0 = Release|Any CPU
		{B4589D3A-5E32-879B-C951-04D5659798C5}.Release|x86.ActiveCfg = Release|Any CPU
		{B4589D3A-5E32-879B-C951-04D5659798C5}.Release|x86.Build.0 = Release|Any CPU
		{E23F85BA-8637-4B4D-AB08-4A76316D4F89}.Debug|Any CPU.ActiveCfg = Debug|Any CPU
		{E23F85BA-8637-4B4D-AB08-4A76316D4F89}.Debug|Any CPU.Build.0 = Debug|Any CPU
		{E23F85BA-8637-4B4D-AB08-4A76316D4F89}.Debug|x64.ActiveCfg = Debug|Any CPU
		{E23F85BA-8637-4B4D-AB08-4A76316D4F89}.Debug|x64.Build.0 = Debug|Any CPU
		{E23F85BA-8637-4B4D-AB08-4A76316D4F89}.Debug|x86.ActiveCfg = Debug|Any CPU
		{E23F85BA-8637-4B4D-AB08-4A76316D4F89}.Debug|x86.Build.0 = Debug|Any CPU
		{E23F85BA-8637-4B4D-AB08-4A76316D4F89}.Release|Any CPU.ActiveCfg = Release|Any CPU
		{E23F85BA-8637-4B4D-AB08-4A76316D4F89}.Release|Any CPU.Build.0 = Release|Any CPU
		{E23F85BA-8637-4B4D-AB08-4A76316D4F89}.Release|x64.ActiveCfg = Release|Any CPU
		{E23F85BA-8637-4B4D-AB08-4A76316D4F89}.Release|x64.Build.0 = Release|Any CPU
		{E23F85BA-8637-4B4D-AB08-4A76316D4F89}.Release|x86.ActiveCfg = Release|Any CPU
		{E23F85BA-8637-4B4D-AB08-4A76316D4F89}.Release|x86.Build.0 = Release|Any CPU
		{E87590C1-F7E2-4B83-8DE1-64684B52C8AA}.Debug|Any CPU.ActiveCfg = Debug|Any CPU
		{E87590C1-F7E2-4B83-8DE1-64684B52C8AA}.Debug|Any CPU.Build.0 = Debug|Any CPU
		{E87590C1-F7E2-4B83-8DE1-64684B52C8AA}.Debug|x64.ActiveCfg = Debug|Any CPU
		{E87590C1-F7E2-4B83-8DE1-64684B52C8AA}.Debug|x64.Build.0 = Debug|Any CPU
		{E87590C1-F7E2-4B83-8DE1-64684B52C8AA}.Debug|x86.ActiveCfg = Debug|Any CPU
		{E87590C1-F7E2-4B83-8DE1-64684B52C8AA}.Debug|x86.Build.0 = Debug|Any CPU
		{E87590C1-F7E2-4B83-8DE1-64684B52C8AA}.Release|Any CPU.ActiveCfg = Release|Any CPU
		{E87590C1-F7E2-4B83-8DE1-64684B52C8AA}.Release|Any CPU.Build.0 = Release|Any CPU
		{E87590C1-F7E2-4B83-8DE1-64684B52C8AA}.Release|x64.ActiveCfg = Release|Any CPU
		{E87590C1-F7E2-4B83-8DE1-64684B52C8AA}.Release|x64.Build.0 = Release|Any CPU
		{E87590C1-F7E2-4B83-8DE1-64684B52C8AA}.Release|x86.ActiveCfg = Release|Any CPU
		{E87590C1-F7E2-4B83-8DE1-64684B52C8AA}.Release|x86.Build.0 = Release|Any CPU
		{63FE895B-93BD-4A33-94E2-4DCA2EDEBAA2}.Debug|Any CPU.ActiveCfg = Debug|Any CPU
		{63FE895B-93BD-4A33-94E2-4DCA2EDEBAA2}.Debug|Any CPU.Build.0 = Debug|Any CPU
		{63FE895B-93BD-4A33-94E2-4DCA2EDEBAA2}.Debug|x64.ActiveCfg = Debug|Any CPU
		{63FE895B-93BD-4A33-94E2-4DCA2EDEBAA2}.Debug|x64.Build.0 = Debug|Any CPU
		{63FE895B-93BD-4A33-94E2-4DCA2EDEBAA2}.Debug|x86.ActiveCfg = Debug|Any CPU
		{63FE895B-93BD-4A33-94E2-4DCA2EDEBAA2}.Debug|x86.Build.0 = Debug|Any CPU
		{63FE895B-93BD-4A33-94E2-4DCA2EDEBAA2}.Release|Any CPU.ActiveCfg = Release|Any CPU
		{63FE895B-93BD-4A33-94E2-4DCA2EDEBAA2}.Release|Any CPU.Build.0 = Release|Any CPU
		{63FE895B-93BD-4A33-94E2-4DCA2EDEBAA2}.Release|x64.ActiveCfg = Release|Any CPU
		{63FE895B-93BD-4A33-94E2-4DCA2EDEBAA2}.Release|x64.Build.0 = Release|Any CPU
		{63FE895B-93BD-4A33-94E2-4DCA2EDEBAA2}.Release|x86.ActiveCfg = Release|Any CPU
		{63FE895B-93BD-4A33-94E2-4DCA2EDEBAA2}.Release|x86.Build.0 = Release|Any CPU
		{A17D04CE-D3B4-4440-9CAB-7B61979141A0}.Debug|Any CPU.ActiveCfg = Debug|Any CPU
		{A17D04CE-D3B4-4440-9CAB-7B61979141A0}.Debug|Any CPU.Build.0 = Debug|Any CPU
		{A17D04CE-D3B4-4440-9CAB-7B61979141A0}.Debug|x64.ActiveCfg = Debug|Any CPU
		{A17D04CE-D3B4-4440-9CAB-7B61979141A0}.Debug|x64.Build.0 = Debug|Any CPU
		{A17D04CE-D3B4-4440-9CAB-7B61979141A0}.Debug|x86.ActiveCfg = Debug|Any CPU
		{A17D04CE-D3B4-4440-9CAB-7B61979141A0}.Debug|x86.Build.0 = Debug|Any CPU
		{A17D04CE-D3B4-4440-9CAB-7B61979141A0}.Release|Any CPU.ActiveCfg = Release|Any CPU
		{A17D04CE-D3B4-4440-9CAB-7B61979141A0}.Release|Any CPU.Build.0 = Release|Any CPU
		{A17D04CE-D3B4-4440-9CAB-7B61979141A0}.Release|x64.ActiveCfg = Release|Any CPU
		{A17D04CE-D3B4-4440-9CAB-7B61979141A0}.Release|x64.Build.0 = Release|Any CPU
		{A17D04CE-D3B4-4440-9CAB-7B61979141A0}.Release|x86.ActiveCfg = Release|Any CPU
		{A17D04CE-D3B4-4440-9CAB-7B61979141A0}.Release|x86.Build.0 = Release|Any CPU
		{6805A592-185D-C3A7-6E14-79BB5B2C8F52}.Debug|Any CPU.ActiveCfg = Debug|Any CPU
		{6805A592-185D-C3A7-6E14-79BB5B2C8F52}.Debug|Any CPU.Build.0 = Debug|Any CPU
		{6805A592-185D-C3A7-6E14-79BB5B2C8F52}.Debug|x64.ActiveCfg = Debug|Any CPU
		{6805A592-185D-C3A7-6E14-79BB5B2C8F52}.Debug|x64.Build.0 = Debug|Any CPU
		{6805A592-185D-C3A7-6E14-79BB5B2C8F52}.Debug|x86.ActiveCfg = Debug|Any CPU
		{6805A592-185D-C3A7-6E14-79BB5B2C8F52}.Debug|x86.Build.0 = Debug|Any CPU
		{6805A592-185D-C3A7-6E14-79BB5B2C8F52}.Release|Any CPU.ActiveCfg = Release|Any CPU
		{6805A592-185D-C3A7-6E14-79BB5B2C8F52}.Release|Any CPU.Build.0 = Release|Any CPU
		{6805A592-185D-C3A7-6E14-79BB5B2C8F52}.Release|x64.ActiveCfg = Release|Any CPU
		{6805A592-185D-C3A7-6E14-79BB5B2C8F52}.Release|x64.Build.0 = Release|Any CPU
		{6805A592-185D-C3A7-6E14-79BB5B2C8F52}.Release|x86.ActiveCfg = Release|Any CPU
		{6805A592-185D-C3A7-6E14-79BB5B2C8F52}.Release|x86.Build.0 = Release|Any CPU
		{B6F0D5A7-42EE-3EBC-20D8-53B98361A98A}.Debug|Any CPU.ActiveCfg = Debug|Any CPU
		{B6F0D5A7-42EE-3EBC-20D8-53B98361A98A}.Debug|Any CPU.Build.0 = Debug|Any CPU
		{B6F0D5A7-42EE-3EBC-20D8-53B98361A98A}.Debug|x64.ActiveCfg = Debug|Any CPU
		{B6F0D5A7-42EE-3EBC-20D8-53B98361A98A}.Debug|x64.Build.0 = Debug|Any CPU
		{B6F0D5A7-42EE-3EBC-20D8-53B98361A98A}.Debug|x86.ActiveCfg = Debug|Any CPU
		{B6F0D5A7-42EE-3EBC-20D8-53B98361A98A}.Debug|x86.Build.0 = Debug|Any CPU
		{B6F0D5A7-42EE-3EBC-20D8-53B98361A98A}.Release|Any CPU.ActiveCfg = Release|Any CPU
		{B6F0D5A7-42EE-3EBC-20D8-53B98361A98A}.Release|Any CPU.Build.0 = Release|Any CPU
		{B6F0D5A7-42EE-3EBC-20D8-53B98361A98A}.Release|x64.ActiveCfg = Release|Any CPU
		{B6F0D5A7-42EE-3EBC-20D8-53B98361A98A}.Release|x64.Build.0 = Release|Any CPU
		{B6F0D5A7-42EE-3EBC-20D8-53B98361A98A}.Release|x86.ActiveCfg = Release|Any CPU
		{B6F0D5A7-42EE-3EBC-20D8-53B98361A98A}.Release|x86.Build.0 = Release|Any CPU
		{25982DBF-029E-2515-6C43-CB347A2BE06A}.Debug|Any CPU.ActiveCfg = Debug|Any CPU
		{25982DBF-029E-2515-6C43-CB347A2BE06A}.Debug|Any CPU.Build.0 = Debug|Any CPU
		{25982DBF-029E-2515-6C43-CB347A2BE06A}.Debug|x64.ActiveCfg = Debug|Any CPU
		{25982DBF-029E-2515-6C43-CB347A2BE06A}.Debug|x64.Build.0 = Debug|Any CPU
		{25982DBF-029E-2515-6C43-CB347A2BE06A}.Debug|x86.ActiveCfg = Debug|Any CPU
		{25982DBF-029E-2515-6C43-CB347A2BE06A}.Debug|x86.Build.0 = Debug|Any CPU
		{25982DBF-029E-2515-6C43-CB347A2BE06A}.Release|Any CPU.ActiveCfg = Release|Any CPU
		{25982DBF-029E-2515-6C43-CB347A2BE06A}.Release|Any CPU.Build.0 = Release|Any CPU
		{25982DBF-029E-2515-6C43-CB347A2BE06A}.Release|x64.ActiveCfg = Release|Any CPU
		{25982DBF-029E-2515-6C43-CB347A2BE06A}.Release|x64.Build.0 = Release|Any CPU
		{25982DBF-029E-2515-6C43-CB347A2BE06A}.Release|x86.ActiveCfg = Release|Any CPU
		{25982DBF-029E-2515-6C43-CB347A2BE06A}.Release|x86.Build.0 = Release|Any CPU
		{9B56F7F9-00BF-ED55-37D0-278D6B2E1ADA}.Debug|Any CPU.ActiveCfg = Debug|Any CPU
		{9B56F7F9-00BF-ED55-37D0-278D6B2E1ADA}.Debug|Any CPU.Build.0 = Debug|Any CPU
		{9B56F7F9-00BF-ED55-37D0-278D6B2E1ADA}.Debug|x64.ActiveCfg = Debug|Any CPU
		{9B56F7F9-00BF-ED55-37D0-278D6B2E1ADA}.Debug|x64.Build.0 = Debug|Any CPU
		{9B56F7F9-00BF-ED55-37D0-278D6B2E1ADA}.Debug|x86.ActiveCfg = Debug|Any CPU
		{9B56F7F9-00BF-ED55-37D0-278D6B2E1ADA}.Debug|x86.Build.0 = Debug|Any CPU
		{9B56F7F9-00BF-ED55-37D0-278D6B2E1ADA}.Release|Any CPU.ActiveCfg = Release|Any CPU
		{9B56F7F9-00BF-ED55-37D0-278D6B2E1ADA}.Release|Any CPU.Build.0 = Release|Any CPU
		{9B56F7F9-00BF-ED55-37D0-278D6B2E1ADA}.Release|x64.ActiveCfg = Release|Any CPU
		{9B56F7F9-00BF-ED55-37D0-278D6B2E1ADA}.Release|x64.Build.0 = Release|Any CPU
		{9B56F7F9-00BF-ED55-37D0-278D6B2E1ADA}.Release|x86.ActiveCfg = Release|Any CPU
		{9B56F7F9-00BF-ED55-37D0-278D6B2E1ADA}.Release|x86.Build.0 = Release|Any CPU
		{C982D3F6-C3AC-5A8C-8E09-5F385287EF5C}.Debug|Any CPU.ActiveCfg = Debug|Any CPU
		{C982D3F6-C3AC-5A8C-8E09-5F385287EF5C}.Debug|Any CPU.Build.0 = Debug|Any CPU
		{C982D3F6-C3AC-5A8C-8E09-5F385287EF5C}.Debug|x64.ActiveCfg = Debug|Any CPU
		{C982D3F6-C3AC-5A8C-8E09-5F385287EF5C}.Debug|x64.Build.0 = Debug|Any CPU
		{C982D3F6-C3AC-5A8C-8E09-5F385287EF5C}.Debug|x86.ActiveCfg = Debug|Any CPU
		{C982D3F6-C3AC-5A8C-8E09-5F385287EF5C}.Debug|x86.Build.0 = Debug|Any CPU
		{C982D3F6-C3AC-5A8C-8E09-5F385287EF5C}.Release|Any CPU.ActiveCfg = Release|Any CPU
		{C982D3F6-C3AC-5A8C-8E09-5F385287EF5C}.Release|Any CPU.Build.0 = Release|Any CPU
		{C982D3F6-C3AC-5A8C-8E09-5F385287EF5C}.Release|x64.ActiveCfg = Release|Any CPU
		{C982D3F6-C3AC-5A8C-8E09-5F385287EF5C}.Release|x64.Build.0 = Release|Any CPU
		{C982D3F6-C3AC-5A8C-8E09-5F385287EF5C}.Release|x86.ActiveCfg = Release|Any CPU
		{C982D3F6-C3AC-5A8C-8E09-5F385287EF5C}.Release|x86.Build.0 = Release|Any CPU
		{192828CD-BFBD-903B-2746-4277EE701769}.Debug|Any CPU.ActiveCfg = Debug|Any CPU
		{192828CD-BFBD-903B-2746-4277EE701769}.Debug|Any CPU.Build.0 = Debug|Any CPU
		{192828CD-BFBD-903B-2746-4277EE701769}.Debug|x64.ActiveCfg = Debug|Any CPU
		{192828CD-BFBD-903B-2746-4277EE701769}.Debug|x64.Build.0 = Debug|Any CPU
		{192828CD-BFBD-903B-2746-4277EE701769}.Debug|x86.ActiveCfg = Debug|Any CPU
		{192828CD-BFBD-903B-2746-4277EE701769}.Debug|x86.Build.0 = Debug|Any CPU
		{192828CD-BFBD-903B-2746-4277EE701769}.Release|Any CPU.ActiveCfg = Release|Any CPU
		{192828CD-BFBD-903B-2746-4277EE701769}.Release|Any CPU.Build.0 = Release|Any CPU
		{192828CD-BFBD-903B-2746-4277EE701769}.Release|x64.ActiveCfg = Release|Any CPU
		{192828CD-BFBD-903B-2746-4277EE701769}.Release|x64.Build.0 = Release|Any CPU
		{192828CD-BFBD-903B-2746-4277EE701769}.Release|x86.ActiveCfg = Release|Any CPU
		{192828CD-BFBD-903B-2746-4277EE701769}.Release|x86.Build.0 = Release|Any CPU
		{047873DF-8AE8-26EA-8FC4-EFF7685611A7}.Debug|Any CPU.ActiveCfg = Debug|Any CPU
		{047873DF-8AE8-26EA-8FC4-EFF7685611A7}.Debug|Any CPU.Build.0 = Debug|Any CPU
		{047873DF-8AE8-26EA-8FC4-EFF7685611A7}.Debug|x64.ActiveCfg = Debug|Any CPU
		{047873DF-8AE8-26EA-8FC4-EFF7685611A7}.Debug|x64.Build.0 = Debug|Any CPU
		{047873DF-8AE8-26EA-8FC4-EFF7685611A7}.Debug|x86.ActiveCfg = Debug|Any CPU
		{047873DF-8AE8-26EA-8FC4-EFF7685611A7}.Debug|x86.Build.0 = Debug|Any CPU
		{047873DF-8AE8-26EA-8FC4-EFF7685611A7}.Release|Any CPU.ActiveCfg = Release|Any CPU
		{047873DF-8AE8-26EA-8FC4-EFF7685611A7}.Release|Any CPU.Build.0 = Release|Any CPU
		{047873DF-8AE8-26EA-8FC4-EFF7685611A7}.Release|x64.ActiveCfg = Release|Any CPU
		{047873DF-8AE8-26EA-8FC4-EFF7685611A7}.Release|x64.Build.0 = Release|Any CPU
		{047873DF-8AE8-26EA-8FC4-EFF7685611A7}.Release|x86.ActiveCfg = Release|Any CPU
		{047873DF-8AE8-26EA-8FC4-EFF7685611A7}.Release|x86.Build.0 = Release|Any CPU
		{38D3CAA0-31D9-E36F-AC14-FE8EF0F1B160}.Debug|Any CPU.ActiveCfg = Debug|Any CPU
		{38D3CAA0-31D9-E36F-AC14-FE8EF0F1B160}.Debug|Any CPU.Build.0 = Debug|Any CPU
		{38D3CAA0-31D9-E36F-AC14-FE8EF0F1B160}.Debug|x64.ActiveCfg = Debug|Any CPU
		{38D3CAA0-31D9-E36F-AC14-FE8EF0F1B160}.Debug|x64.Build.0 = Debug|Any CPU
		{38D3CAA0-31D9-E36F-AC14-FE8EF0F1B160}.Debug|x86.ActiveCfg = Debug|Any CPU
		{38D3CAA0-31D9-E36F-AC14-FE8EF0F1B160}.Debug|x86.Build.0 = Debug|Any CPU
		{38D3CAA0-31D9-E36F-AC14-FE8EF0F1B160}.Release|Any CPU.ActiveCfg = Release|Any CPU
		{38D3CAA0-31D9-E36F-AC14-FE8EF0F1B160}.Release|Any CPU.Build.0 = Release|Any CPU
		{38D3CAA0-31D9-E36F-AC14-FE8EF0F1B160}.Release|x64.ActiveCfg = Release|Any CPU
		{38D3CAA0-31D9-E36F-AC14-FE8EF0F1B160}.Release|x64.Build.0 = Release|Any CPU
		{38D3CAA0-31D9-E36F-AC14-FE8EF0F1B160}.Release|x86.ActiveCfg = Release|Any CPU
		{38D3CAA0-31D9-E36F-AC14-FE8EF0F1B160}.Release|x86.Build.0 = Release|Any CPU
	EndGlobalSection
	GlobalSection(SolutionProperties) = preSolution
		HideSolutionNode = FALSE
	EndGlobalSection
	GlobalSection(ExtensibilityGlobals) = postSolution
		SolutionGuid = {96689FD0-4147-4A3F-B20E-EB64E7EF09A2}
	EndGlobalSection
EndGlobal
